
Microsoft Visual Studio Solution File, Format Version 12.00
# Visual Studio Version 16
VisualStudioVersion = 16.0.29613.14
MinimumVisualStudioVersion = 10.0.40219.1
Project("{FAE04EC0-301F-11D3-BF4B-00C04F79EFBC}") = "Sulmar.Shopping.Domain", "Sulmar.Shopping.Domain\Sulmar.Shopping.Domain.csproj", "{5FDFFCEF-0E1C-49B5-8609-3440CEDE6CFC}"
EndProject
Project("{FAE04EC0-301F-11D3-BF4B-00C04F79EFBC}") = "Sulmar.Shopping.Infrastructure", "Sulmar.Shopping.Infrastructure\Sulmar.Shopping.Infrastructure.csproj", "{4715AD8E-5B59-4EA0-9949-7772CDB9C123}"
EndProject
Project("{FAE04EC0-301F-11D3-BF4B-00C04F79EFBC}") = "Sulmar.Shopping.API", "Sulmar.Shopping.API\Sulmar.Shopping.API.csproj", "{05E09674-1E11-47B5-973B-942C25162981}"
EndProject
Project("{FAE04EC0-301F-11D3-BF4B-00C04F79EFBC}") = "Sulmar.Shopping.RawAPI", "Sulmar.Shopping.RawAPI\Sulmar.Shopping.RawAPI.csproj", "{F022B852-1E8D-4965-9356-1A07063AD7D9}"
EndProject
Project("{FAE04EC0-301F-11D3-BF4B-00C04F79EFBC}") = "Sulmar.Shopping.SignalR", "Sulmar.Shopping.SignalR\Sulmar.Shopping.SignalR.csproj", "{BDEA146D-8E30-47E0-A47B-CFBB2662177D}"
EndProject
Project("{FAE04EC0-301F-11D3-BF4B-00C04F79EFBC}") = "Sulmar.Shopping.SenderClient", "Sulmar.Shopping.SenderClient\Sulmar.Shopping.SenderClient.csproj", "{2828EB69-EF75-4851-A7EE-E25973358273}"
EndProject
Project("{FAE04EC0-301F-11D3-BF4B-00C04F79EFBC}") = "Sulmar.Shopping.ReceiverClient", "Sulmar.Shopping.ReceiverClient\Sulmar.Shopping.ReceiverClient.csproj", "{3A256EBA-0539-48D0-957F-8FFBC33D77B5}"
EndProject
Global
	GlobalSection(SolutionConfigurationPlatforms) = preSolution
		Debug|Any CPU = Debug|Any CPU
		Release|Any CPU = Release|Any CPU
	EndGlobalSection
	GlobalSection(ProjectConfigurationPlatforms) = postSolution
		{5FDFFCEF-0E1C-49B5-8609-3440CEDE6CFC}.Debug|Any CPU.ActiveCfg = Debug|Any CPU
		{5FDFFCEF-0E1C-49B5-8609-3440CEDE6CFC}.Debug|Any CPU.Build.0 = Debug|Any CPU
		{5FDFFCEF-0E1C-49B5-8609-3440CEDE6CFC}.Release|Any CPU.ActiveCfg = Release|Any CPU
		{5FDFFCEF-0E1C-49B5-8609-3440CEDE6CFC}.Release|Any CPU.Build.0 = Release|Any CPU
		{4715AD8E-5B59-4EA0-9949-7772CDB9C123}.Debug|Any CPU.ActiveCfg = Debug|Any CPU
		{4715AD8E-5B59-4EA0-9949-7772CDB9C123}.Debug|Any CPU.Build.0 = Debug|Any CPU
		{4715AD8E-5B59-4EA0-9949-7772CDB9C123}.Release|Any CPU.ActiveCfg = Release|Any CPU
		{4715AD8E-5B59-4EA0-9949-7772CDB9C123}.Release|Any CPU.Build.0 = Release|Any CPU
		{05E09674-1E11-47B5-973B-942C25162981}.Debug|Any CPU.ActiveCfg = Debug|Any CPU
		{05E09674-1E11-47B5-973B-942C25162981}.Debug|Any CPU.Build.0 = Debug|Any CPU
		{05E09674-1E11-47B5-973B-942C25162981}.Release|Any CPU.ActiveCfg = Release|Any CPU
		{05E09674-1E11-47B5-973B-942C25162981}.Release|Any CPU.Build.0 = Release|Any CPU
		{F022B852-1E8D-4965-9356-1A07063AD7D9}.Debug|Any CPU.ActiveCfg = Debug|Any CPU
		{F022B852-1E8D-4965-9356-1A07063AD7D9}.Debug|Any CPU.Build.0 = Debug|Any CPU
		{F022B852-1E8D-4965-9356-1A07063AD7D9}.Release|Any CPU.ActiveCfg = Release|Any CPU
		{F022B852-1E8D-4965-9356-1A07063AD7D9}.Release|Any CPU.Build.0 = Release|Any CPU
		{BDEA146D-8E30-47E0-A47B-CFBB2662177D}.Debug|Any CPU.ActiveCfg = Debug|Any CPU
		{BDEA146D-8E30-47E0-A47B-CFBB2662177D}.Debug|Any CPU.Build.0 = Debug|Any CPU
		{BDEA146D-8E30-47E0-A47B-CFBB2662177D}.Release|Any CPU.ActiveCfg = Release|Any CPU
		{BDEA146D-8E30-47E0-A47B-CFBB2662177D}.Release|Any CPU.Build.0 = Release|Any CPU
		{2828EB69-EF75-4851-A7EE-E25973358273}.Debug|Any CPU.ActiveCfg = Debug|Any CPU
		{2828EB69-EF75-4851-A7EE-E25973358273}.Debug|Any CPU.Build.0 = Debug|Any CPU
		{2828EB69-EF75-4851-A7EE-E25973358273}.Release|Any CPU.ActiveCfg = Release|Any CPU
		{2828EB69-EF75-4851-A7EE-E25973358273}.Release|Any CPU.Build.0 = Release|Any CPU
		{3A256EBA-0539-48D0-957F-8FFBC33D77B5}.Debug|Any CPU.ActiveCfg = Debug|Any CPU
		{3A256EBA-0539-48D0-957F-8FFBC33D77B5}.Debug|Any CPU.Build.0 = Debug|Any CPU
		{3A256EBA-0539-48D0-957F-8FFBC33D77B5}.Release|Any CPU.ActiveCfg = Release|Any CPU
		{3A256EBA-0539-48D0-957F-8FFBC33D77B5}.Release|Any CPU.Build.0 = Release|Any CPU
	EndGlobalSection
	GlobalSection(SolutionProperties) = preSolution
		HideSolutionNode = FALSE
	EndGlobalSection
	GlobalSection(ExtensibilityGlobals) = postSolution
		SolutionGuid = {F94517BA-3FE6-402A-A738-9F01FDF020AD}
	EndGlobalSection
EndGlobal
